// !$*UTF8*$!
{
	archiveVersion = 1;
	classes = {
	};
	objectVersion = 50;
	objects = {

/* Begin PBXBuildFile section */
		9EFD791323FA8EDF00B33108 /* AppDelegate.swift in Sources */ = {isa = PBXBuildFile; fileRef = 9EFD791223FA8EDF00B33108 /* AppDelegate.swift */; };
		9EFD791523FA8EDF00B33108 /* SceneDelegate.swift in Sources */ = {isa = PBXBuildFile; fileRef = 9EFD791423FA8EDF00B33108 /* SceneDelegate.swift */; };
		9EFD791723FA8EDF00B33108 /* ViewController.swift in Sources */ = {isa = PBXBuildFile; fileRef = 9EFD791623FA8EDF00B33108 /* ViewController.swift */; };
		9EFD791A23FA8EDF00B33108 /* Main.storyboard in Resources */ = {isa = PBXBuildFile; fileRef = 9EFD791823FA8EDF00B33108 /* Main.storyboard */; };
		9EFD791C23FA8EE100B33108 /* Assets.xcassets in Resources */ = {isa = PBXBuildFile; fileRef = 9EFD791B23FA8EE100B33108 /* Assets.xcassets */; };
		9EFD791F23FA8EE100B33108 /* LaunchScreen.storyboard in Resources */ = {isa = PBXBuildFile; fileRef = 9EFD791D23FA8EE100B33108 /* LaunchScreen.storyboard */; };
/* End PBXBuildFile section */

/* Begin PBXFileReference section */
		9EFD790F23FA8EDF00B33108 /* WorkWithXibFiles.app */ = {isa = PBXFileReference; explicitFileType = wrapper.application; includeInIndex = 0; path = WorkWithXibFiles.app; sourceTree = BUILT_PRODUCTS_DIR; };
		9EFD791223FA8EDF00B33108 /* AppDelegate.swift */ = {isa = PBXFileReference; lastKnownFileType = sourcecode.swift; path = AppDelegate.swift; sourceTree = "<group>"; };
		9EFD791423FA8EDF00B33108 /* SceneDelegate.swift */ = {isa = PBXFileReference; lastKnownFileType = sourcecode.swift; path = SceneDelegate.swift; sourceTree = "<group>"; };
		9EFD791623FA8EDF00B33108 /* ViewController.swift */ = {isa = PBXFileReference; lastKnownFileType = sourcecode.swift; path = ViewController.swift; sourceTree = "<group>"; };
		9EFD791923FA8EDF00B33108 /* Base */ = {isa = PBXFileReference; lastKnownFileType = file.storyboard; name = Base; path = Base.lproj/Main.storyboard; sourceTree = "<group>"; };
		9EFD791B23FA8EE100B33108 /* Assets.xcassets */ = {isa = PBXFileReference; lastKnownFileType = folder.assetcatalog; path = Assets.xcassets; sourceTree = "<group>"; };
		9EFD791E23FA8EE100B33108 /* Base */ = {isa = PBXFileReference; lastKnownFileType = file.storyboard; name = Base; path = Base.lproj/LaunchScreen.storyboard; sourceTree = "<group>"; };
		9EFD792023FA8EE100B33108 /* Info.plist */ = {isa = PBXFileReference; lastKnownFileType = text.plist.xml; path = Info.plist; sourceTree = "<group>"; };
/* End PBXFileReference section */

/* Begin PBXFrameworksBuildPhase section */
		9EFD790C23FA8EDF00B33108 /* Frameworks */ = {
			isa = PBXFrameworksBuildPhase;
			buildActionMask = 2147483647;
			files = (
			);
			runOnlyForDeploymentPostprocessing = 0;
		};
/* End PBXFrameworksBuildPhase section */

/* Begin PBXGroup section */
		9EFD790623FA8EDF00B33108 = {
			isa = PBXGroup;
			children = (
				9EFD791123FA8EDF00B33108 /* WorkWithXibFiles */,
				9EFD791023FA8EDF00B33108 /* Products */,
			);
			sourceTree = "<group>";
		};
		9EFD791023FA8EDF00B33108 /* Products */ = {
			isa = PBXGroup;
			children = (
				9EFD790F23FA8EDF00B33108 /* WorkWithXibFiles.app */,
			);
			name = Products;
			sourceTree = "<group>";
		};
		9EFD791123FA8EDF00B33108 /* WorkWithXibFiles */ = {
			isa = PBXGroup;
			children = (
				9EFD791223FA8EDF00B33108 /* AppDelegate.swift */,
				9EFD791423FA8EDF00B33108 /* SceneDelegate.swift */,
				9EFD791623FA8EDF00B33108 /* ViewController.swift */,
				9EFD791823FA8EDF00B33108 /* Main.storyboard */,
				9EFD791B23FA8EE100B33108 /* Assets.xcassets */,
				9EFD791D23FA8EE100B33108 /* LaunchScreen.storyboard */,
				9EFD792023FA8EE100B33108 /* Info.plist */,
			);
			path = WorkWithXibFiles;
			sourceTree = "<group>";
		};
/* End PBXGroup section */

/* Begin PBXNativeTarget section */
		9EFD790E23FA8EDF00B33108 /* WorkWithXibFiles */ = {
			isa = PBXNativeTarget;
			buildConfigurationList = 9EFD792323FA8EE100B33108 /* Build configuration list for PBXNativeTarget "WorkWithXibFiles" */;
			buildPhases = (
				9EFD790B23FA8EDF00B33108 /* Sources */,
				9EFD790C23FA8EDF00B33108 /* Frameworks */,
				9EFD790D23FA8EDF00B33108 /* Resources */,
			);
			buildRules = (
			);
			dependencies = (
			);
			name = WorkWithXibFiles;
			productName = WorkWithXibFiles;
			productReference = 9EFD790F23FA8EDF00B33108 /* WorkWithXibFiles.app */;
			productType = "com.apple.product-type.application";
		};
/* End PBXNativeTarget section */

/* Begin PBXProject section */
		9EFD790723FA8EDF00B33108 /* Project object */ = {
			isa = PBXProject;
			attributes = {
				LastSwiftUpdateCheck = 1130;
				LastUpgradeCheck = 1130;
				ORGANIZATIONNAME = "Максим Окунеев";
				TargetAttributes = {
					9EFD790E23FA8EDF00B33108 = {
						CreatedOnToolsVersion = 11.3.1;
					};
				};
			};
			buildConfigurationList = 9EFD790A23FA8EDF00B33108 /* Build configuration list for PBXProject "WorkWithXibFiles" */;
			compatibilityVersion = "Xcode 9.3";
			developmentRegion = en;
			hasScannedForEncodings = 0;
			knownRegions = (
				en,
				Base,
			);
			mainGroup = 9EFD790623FA8EDF00B33108;
			productRefGroup = 9EFD791023FA8EDF00B33108 /* Products */;
			projectDirPath = "";
			projectRoot = "";
			targets = (
				9EFD790E23FA8EDF00B33108 /* WorkWithXibFiles */,
			);
		};
/* End PBXProject section */

/* Begin PBXResourcesBuildPhase section */
		9EFD790D23FA8EDF00B33108 /* Resources */ = {
			isa = PBXResourcesBuildPhase;
			buildActionMask = 2147483647;
			files = (
				9EFD791F23FA8EE100B33108 /* LaunchScreen.storyboard in Resources */,
				9EFD791C23FA8EE100B33108 /* Assets.xcassets in Resources */,
				9EFD791A23FA8EDF00B33108 /* Main.storyboard in Resources */,
			);
			runOnlyForDeploymentPostprocessing = 0;
		};
/* End PBXResourcesBuildPhase section */

/* Begin PBXSourcesBuildPhase section */
		9EFD790B23FA8EDF00B33108 /* Sources */ = {
			isa = PBXSourcesBuildPhase;
			buildActionMask = 2147483647;
			files = (
				9EFD791723FA8EDF00B33108 /* ViewController.swift in Sources */,
				9EFD791323FA8EDF00B33108 /* AppDelegate.swift in Sources */,
				9EFD791523FA8EDF00B33108 /* SceneDelegate.swift in Sources */,
			);
			runOnlyForDeploymentPostprocessing = 0;
		};
/* End PBXSourcesBuildPhase section */

/* Begin PBXVariantGroup section */
		9EFD791823FA8EDF00B33108 /* Main.storyboard */ = {
			isa = PBXVariantGroup;
			children = (
				9EFD791923FA8EDF00B33108 /* Base */,
			);
			name = Main.storyboard;
			sourceTree = "<group>";
		};
		9EFD791D23FA8EE100B33108 /* LaunchScreen.storyboard */ = {
			isa = PBXVariantGroup;
			children = (
				9EFD791E23FA8EE100B33108 /* Base */,
			);
			name = LaunchScreen.storyboard;
			sourceTree = "<group>";
		};
/* End PBXVariantGroup section */

/* Begin XCBuildConfiguration section */
		9EFD792123FA8EE100B33108 /* Debug */ = {
			isa = XCBuildConfiguration;
			buildSettings = {
				ALWAYS_SEARCH_USER_PATHS = NO;
				CLANG_ANALYZER_NONNULL = YES;
				CLANG_ANALYZER_NUMBER_OBJECT_CONVERSION = YES_AGGRESSIVE;
				CLANG_CXX_LANGUAGE_STANDARD = "gnu++14";
				CLANG_CXX_LIBRARY = "libc++";
				CLANG_ENABLE_MODULES = YES;
				CLANG_ENABLE_OBJC_ARC = YES;
				CLANG_ENABLE_OBJC_WEAK = YES;
				CLANG_WARN_BLOCK_CAPTURE_AUTORELEASING = YES;
				CLANG_WARN_BOOL_CONVERSION = YES;
				CLANG_WARN_COMMA = YES;
				CLANG_WARN_CONSTANT_CONVERSION = YES;
				CLANG_WARN_DEPRECATED_OBJC_IMPLEMENTATIONS = YES;
				CLANG_WARN_DIRECT_OBJC_ISA_USAGE = YES_ERROR;
				CLANG_WARN_DOCUMENTATION_COMMENTS = YES;
				CLANG_WARN_EMPTY_BODY = YES;
				CLANG_WARN_ENUM_CONVERSION = YES;
				CLANG_WARN_INFINITE_RECURSION = YES;
				CLANG_WARN_INT_CONVERSION = YES;
				CLANG_WARN_NON_LITERAL_NULL_CONVERSION = YES;
				CLANG_WARN_OBJC_IMPLICIT_RETAIN_SELF = YES;
				CLANG_WARN_OBJC_LITERAL_CONVERSION = YES;
				CLANG_WARN_OBJC_ROOT_CLASS = YES_ERROR;
				CLANG_WARN_RANGE_LOOP_ANALYSIS = YES;
				CLANG_WARN_STRICT_PROTOTYPES = YES;
				CLANG_WARN_SUSPICIOUS_MOVE = YES;
				CLANG_WARN_UNGUARDED_AVAILABILITY = YES_AGGRESSIVE;
				CLANG_WARN_UNREACHABLE_CODE = YES;
				CLANG_WARN__DUPLICATE_METHOD_MATCH = YES;
				COPY_PHASE_STRIP = NO;
				DEBUG_INFORMATION_FORMAT = dwarf;
				ENABLE_STRICT_OBJC_MSGSEND = YES;
				ENABLE_TESTABILITY = YES;
				GCC_C_LANGUAGE_STANDARD = gnu11;
				GCC_DYNAMIC_NO_PIC = NO;
				GCC_NO_COMMON_BLOCKS = YES;
				GCC_OPTIMIZATION_LEVEL = 0;
				GCC_PREPROCESSOR_DEFINITIONS = (
					"DEBUG=1",
					"$(inherited)",
				);
				GCC_WARN_64_TO_32_BIT_CONVERSION = YES;
				GCC_WARN_ABOUT_RETURN_TYPE = YES_ERROR;
				GCC_WARN_UNDECLARED_SELECTOR = YES;
				GCC_WARN_UNINITIALIZED_AUTOS = YES_AGGRESSIVE;
				GCC_WARN_UNUSED_FUNCTION = YES;
				GCC_WARN_UNUSED_VARIABLE = YES;
				IPHONEOS_DEPLOYMENT_TARGET = 13.2;
				MTL_ENABLE_DEBUG_INFO = INCLUDE_SOURCE;
				MTL_FAST_MATH = YES;
				ONLY_ACTIVE_ARCH = YES;
				SDKROOT = iphoneos;
				SWIFT_ACTIVE_COMPILATION_CONDITIONS = DEBUG;
				SWIFT_OPTIMIZATION_LEVEL = "-Onone";
			};
			name = Debug;
		};
		9EFD792223FA8EE100B33108 /* Release */ = {
			isa = XCBuildConfiguration;
			buildSettings = {
				ALWAYS_SEARCH_USER_PATHS = NO;
				CLANG_ANALYZER_NONNULL = YES;
				CLANG_ANALYZER_NUMBER_OBJECT_CONVERSION = YES_AGGRESSIVE;
				CLANG_CXX_LANGUAGE_STANDARD = "gnu++14";
				CLANG_CXX_LIBRARY = "libc++";
				CLANG_ENABLE_MODULES = YES;
				CLANG_ENABLE_OBJC_ARC = YES;
				CLANG_ENABLE_OBJC_WEAK = YES;
				CLANG_WARN_BLOCK_CAPTURE_AUTORELEASING = YES;
				CLANG_WARN_BOOL_CONVERSION = YES;
				CLANG_WARN_COMMA = YES;
				CLANG_WARN_CONSTANT_CONVERSION = YES;
				CLANG_WARN_DEPRECATED_OBJC_IMPLEMENTATIONS = YES;
				CLANG_WARN_DIRECT_OBJC_ISA_USAGE = YES_ERROR;
				CLANG_WARN_DOCUMENTATION_COMMENTS = YES;
				CLANG_WARN_EMPTY_BODY = YES;
				CLANG_WARN_ENUM_CONVERSION = YES;
				CLANG_WARN_INFINITE_RECURSION = YES;
				CLANG_WARN_INT_CONVERSION = YES;
				CLANG_WARN_NON_LITERAL_NULL_CONVERSION = YES;
				CLANG_WARN_OBJC_IMPLICIT_RETAIN_SELF = YES;
				CLANG_WARN_OBJC_LITERAL_CONVERSION = YES;
				CLANG_WARN_OBJC_ROOT_CLASS = YES_ERROR;
				CLANG_WARN_RANGE_LOOP_ANALYSIS = YES;
				CLANG_WARN_STRICT_PROTOTYPES = YES;
				CLANG_WARN_SUSPICIOUS_MOVE = YES;
				CLANG_WARN_UNGUARDED_AVAILABILITY = YES_AGGRESSIVE;
				CLANG_WARN_UNREACHABLE_CODE = YES;
				CLANG_WARN__DUPLICATE_METHOD_MATCH = YES;
				COPY_PHASE_STRIP = NO;
				DEBUG_INFORMATION_FORMAT = "dwarf-with-dsym";
				ENABLE_NS_ASSERTIONS = NO;
				ENABLE_STRICT_OBJC_MSGSEND = YES;
				GCC_C_LANGUAGE_STANDARD = gnu11;
				GCC_NO_COMMON_BLOCKS = YES;
				GCC_WARN_64_TO_32_BIT_CONVERSION = YES;
				GCC_WARN_ABOUT_RETURN_TYPE = YES_ERROR;
				GCC_WARN_UNDECLARED_SELECTOR = YES;
				GCC_WARN_UNINITIALIZED_AUTOS = YES_AGGRESSIVE;
				GCC_WARN_UNUSED_FUNCTION = YES;
				GCC_WARN_UNUSED_VARIABLE = YES;
				IPHONEOS_DEPLOYMENT_TARGET = 13.2;
				MTL_ENABLE_DEBUG_INFO = NO;
				MTL_FAST_MATH = YES;
				SDKROOT = iphoneos;
				SWIFT_COMPILATION_MODE = wholemodule;
				SWIFT_OPTIMIZATION_LEVEL = "-O";
				VALIDATE_PRODUCT = YES;
			};
			name = Release;
		};
		9EFD792423FA8EE100B33108 /* Debug */ = {
			isa = XCBuildConfiguration;
			buildSettings = {
				ASSETCATALOG_COMPILER_APPICON_NAME = AppIcon;
				CODE_SIGN_STYLE = Automatic;
				DEVELOPMENT_TEAM = WJR74JV9LN;
				INFOPLIST_FILE = WorkWithXibFiles/Info.plist;
				LD_RUNPATH_SEARCH_PATHS = (
					"$(inherited)",
					"@executable_path/Frameworks",
				);
				PRODUCT_BUNDLE_IDENTIFIER = "-.WorkWithXibFiles";
				PRODUCT_NAME = "$(TARGET_NAME)";
				SWIFT_VERSION = 5.0;
				TARGETED_DEVICE_FAMILY = "1,2";
			};
			name = Debug;
		};
		9EFD792523FA8EE100B33108 /* Release */ = {
			isa = XCBuildConfiguration;
			buildSettings = {
				ASSETCATALOG_COMPILER_APPICON_NAME = AppIcon;
				CODE_SIGN_STYLE = Automatic;
				DEVELOPMENT_TEAM = WJR74JV9LN;
				INFOPLIST_FILE = WorkWithXibFiles/Info.plist;
				LD_RUNPATH_SEARCH_PATHS = (
					"$(inherited)",
					"@executable_path/Frameworks",
				);
				PRODUCT_BUNDLE_IDENTIFIER = "-.WorkWithXibFiles";
				PRODUCT_NAME = "$(TARGET_NAME)";
				SWIFT_VERSION = 5.0;
				TARGETED_DEVICE_FAMILY = "1,2";
			};
			name = Release;
		};
/* End XCBuildConfiguration section */

/* Begin XCConfigurationList section */
		9EFD790A23FA8EDF00B33108 /* Build configuration list for PBXProject "WorkWithXibFiles" */ = {
			isa = XCConfigurationList;
			buildConfigurations = (
				9EFD792123FA8EE100B33108 /* Debug */,
				9EFD792223FA8EE100B33108 /* Release */,
			);
			defaultConfigurationIsVisible = 0;
			defaultConfigurationName = Release;
		};
		9EFD792323FA8EE100B33108 /* Build configuration list for PBXNativeTarget "WorkWithXibFiles" */ = {
			isa = XCConfigurationList;
			buildConfigurations = (
				9EFD792423FA8EE100B33108 /* Debug */,
				9EFD792523FA8EE100B33108 /* Release */,
			);
			defaultConfigurationIsVisible = 0;
			defaultConfigurationName = Release;
		};
/* End XCConfigurationList section */
	};
	rootObject = 9EFD790723FA8EDF00B33108 /* Project object */;
}
